# This file is autogenerated, do not edit; changes may be undone by the next 'dep ensure'.


[[projects]]
  branch = "master"
  digest = "1:80ecd3ac8a6bee6606a22eda7567b93d3f0da4f9bde7e8dc9053082759a40170"
  name = "github.com/harshvladha/hasty"
  packages = ["."]
  pruneopts = "UT"
  revision = "fa55512a52a724035036cb46c9d4484d01129ec7"

[solve-meta]
  analyzer-name = "dep"
  analyzer-version = 1
  input-imports = ["github.com/harshvladha/hasty"]
  solver-name = "gps-cdcl"
  solver-version = 1
